#MicroXplorer Configuration settings - do not modify
CAD.formats=[]
CAD.pinconfig=Dual
CAD.provider=
Dma.Request0=TIM2_CH3
Dma.RequestsNb=1
Dma.TIM2_CH3.0.Direction=DMA_MEMORY_TO_PERIPH
Dma.TIM2_CH3.0.Instance=DMA1_Channel1
Dma.TIM2_CH3.0.MemDataAlignment=DMA_MDATAALIGN_HALFWORD
Dma.TIM2_CH3.0.MemInc=DMA_MINC_ENABLE
Dma.TIM2_CH3.0.Mode=DMA_CIRCULAR
Dma.TIM2_CH3.0.PeriphDataAlignment=DMA_PDATAALIGN_HALFWORD
Dma.TIM2_CH3.0.PeriphInc=DMA_PINC_DISABLE
Dma.TIM2_CH3.0.Priority=DMA_PRIORITY_LOW
Dma.TIM2_CH3.0.RequestParameters=Instance,Direction,PeriphInc,MemInc,PeriphDataAlignment,MemDataAlignment,Mode,Priority
File.Version=6
GPIO.groupedBy=Group By Peripherals
KeepUserPlacement=false
Mcu.CPN=STM32L051C6T6
Mcu.Family=STM32L0
Mcu.IP0=ADC
Mcu.IP1=DMA
Mcu.IP2=LPTIM1
Mcu.IP3=NVIC
Mcu.IP4=RCC
Mcu.IP5=SYS
Mcu.IP6=TIM2
Mcu.IPNb=7
Mcu.Name=STM32L051C(6-8)Tx
Mcu.Package=LQFP48
Mcu.Pin0=PA0
Mcu.Pin1=PA2
Mcu.Pin10=PB14
Mcu.Pin11=PB15
Mcu.Pin12=PA15
Mcu.Pin13=PB3
Mcu.Pin14=PB4
Mcu.Pin15=PB5
Mcu.Pin16=PB6
Mcu.Pin17=VP_LPTIM1_VS_LPTIM_counterModeInternalClock
Mcu.Pin18=VP_SYS_VS_Systick
Mcu.Pin2=PA3
Mcu.Pin3=PA4
Mcu.Pin4=PA5
Mcu.Pin5=PA6
Mcu.Pin6=PA7
Mcu.Pin7=PB0
Mcu.Pin8=PB2
Mcu.Pin9=PB13
Mcu.PinsNb=19
Mcu.ThirdPartyNb=0
Mcu.UserConstants=
Mcu.UserName=STM32L051C6Tx
MxCube.Version=6.14.0
MxDb.Version=DB.6.0.140
NVIC.ForceEnableDMAVector=false
NVIC.HardFault_IRQn=true\:0\:0\:false\:false\:true\:false\:false\:false
NVIC.NonMaskableInt_IRQn=true\:0\:0\:false\:false\:true\:false\:false\:false
NVIC.PendSV_IRQn=true\:0\:0\:false\:false\:true\:false\:false\:false
NVIC.SVC_IRQn=true\:0\:0\:false\:false\:true\:false\:false\:true
NVIC.SysTick_IRQn=true\:3\:0\:false\:false\:true\:false\:true\:false
PA0.Mode=IN0
PA0.Signal=ADC_IN0
PA15.GPIOParameters=GPIO_PuPd,GPIO_Label
PA15.GPIO_Label=Fset5
PA15.GPIO_PuPd=GPIO_PULLUP
PA15.Locked=true
PA15.Signal=GPIO_Input
PA2.GPIOParameters=GPIO_Speed
PA2.GPIO_Speed=GPIO_SPEED_FREQ_LOW
PA2.Locked=true
PA2.Signal=S_TIM2_CH3
PA3.GPIOParameters=GPIO_PuPd,GPIO_Label
PA3.GPIO_Label=TP_1
PA3.GPIO_PuPd=GPIO_PULLUP
PA3.Locked=true
PA3.Signal=GPIO_Input
PA4.GPIOParameters=GPIO_PuPd,GPIO_Label
PA4.GPIO_Label=TP_2
PA4.GPIO_PuPd=GPIO_PULLUP
PA4.Locked=true
PA4.Signal=GPIO_Input
PA5.GPIOParameters=GPIO_PuPd,GPIO_Label
PA5.GPIO_Label=TP_3
PA5.GPIO_PuPd=GPIO_PULLUP
PA5.Locked=true
PA5.Signal=GPIO_Input
PA6.GPIOParameters=GPIO_PuPd,GPIO_Label
PA6.GPIO_Label=JEdge_3
PA6.GPIO_PuPd=GPIO_PULLUP
PA6.Locked=true
PA6.Signal=GPIO_Input
PA7.GPIOParameters=GPIO_PuPd,GPIO_Label
PA7.GPIO_Label=JEdge_2
PA7.GPIO_PuPd=GPIO_PULLUP
PA7.Locked=true
PA7.Signal=GPIO_Input
PB0.GPIOParameters=GPIO_PuPd,GPIO_Label
PB0.GPIO_Label=JEdge_1
PB0.GPIO_PuPd=GPIO_PULLUP
PB0.Locked=true
PB0.Signal=GPIO_Input
PB13.GPIOParameters=GPIO_PuPd,GPIO_Label
PB13.GPIO_Label=JPWM_3
PB13.GPIO_PuPd=GPIO_PULLUP
PB13.Locked=true
PB13.Signal=GPIO_Input
PB14.GPIOParameters=GPIO_PuPd,GPIO_Label
PB14.GPIO_Label=JPWM_2
PB14.GPIO_PuPd=GPIO_PULLUP
PB14.Locked=true
PB14.Signal=GPIO_Input
PB15.GPIOParameters=GPIO_PuPd,GPIO_Label
PB15.GPIO_Label=JPWM_1
PB15.GPIO_PuPd=GPIO_PULLUP
PB15.Locked=true
PB15.Signal=GPIO_Input
PB2.Locked=true
PB2.Mode=WaveformGeneration
PB2.Signal=LPTIM1_OUT
PB3.GPIOParameters=GPIO_PuPd,GPIO_Label
PB3.GPIO_Label=Fset4
PB3.GPIO_PuPd=GPIO_PULLUP
PB3.Locked=true
PB3.Signal=GPIO_Input
PB4.GPIOParameters=GPIO_PuPd,GPIO_Label
PB4.GPIO_Label=Fset3
PB4.GPIO_PuPd=GPIO_PULLUP
PB4.Locked=true
PB4.Signal=GPIO_Input
PB5.GPIOParameters=GPIO_PuPd,GPIO_Label
PB5.GPIO_Label=Fset2
PB5.GPIO_PuPd=GPIO_PULLUP
PB5.Locked=true
PB5.Signal=GPIO_Input
PB6.GPIOParameters=GPIO_PuPd,GPIO_Label
PB6.GPIO_Label=Fset1
PB6.GPIO_PuPd=GPIO_PULLUP
PB6.Locked=true
PB6.Signal=GPIO_Input
PinOutPanel.RotationAngle=0
ProjectManager.AskForMigrate=true
ProjectManager.BackupPrevious=false
ProjectManager.CompilerLinker=GCC
ProjectManager.CompilerOptimize=6
ProjectManager.ComputerToolchain=false
ProjectManager.CoupleFile=true
ProjectManager.CustomerFirmwarePackage=
ProjectManager.DefaultFWLocation=true
ProjectManager.DeletePrevious=true
ProjectManager.DeviceId=STM32L051C6Tx
ProjectManager.FirmwarePackage=STM32Cube FW_L0 V1.12.3
ProjectManager.FreePins=false
ProjectManager.HalAssertFull=false
ProjectManager.HeapSize=0x200
ProjectManager.KeepUserCode=true
ProjectManager.LastFirmware=true
ProjectManager.LibraryCopy=1
ProjectManager.MainLocation=Core/Src
ProjectManager.NoMain=false
ProjectManager.PreviousToolchain=
ProjectManager.ProjectBuild=false
ProjectManager.ProjectFileName=pwmbox4c6t6.ioc
ProjectManager.ProjectName=pwmbox4c6t6
ProjectManager.ProjectStructure=
ProjectManager.RegisterCallBack=
ProjectManager.StackSize=0x400
ProjectManager.TargetToolchain=STM32CubeIDE
ProjectManager.ToolChainLocation=
ProjectManager.UAScriptAfterPath=
ProjectManager.UAScriptBeforePath=
ProjectManager.UnderRoot=true
ProjectManager.functionlistsort=1-SystemClock_Config-RCC-false-HAL-false,2-MX_GPIO_Init-GPIO-false-HAL-true,3-MX_DMA_Init-DMA-false-HAL-true,4-MX_LPTIM1_Init-LPTIM1-false-HAL-true,5-MX_TIM2_Init-TIM2-false-HAL-true
RCC.AHBFreq_Value=2097000
RCC.APB1Freq_Value=2097000
RCC.APB1TimFreq_Value=2097000
RCC.APB2Freq_Value=2097000
RCC.APB2TimFreq_Value=2097000
RCC.FamilyName=M
RCC.HSE_VALUE=8000000
RCC.HSI16_VALUE=16000000
RCC.HSI_VALUE=16000000
RCC.I2C1Freq_Value=2097000
RCC.IPParameters=AHBFreq_Value,APB1Freq_Value,APB1TimFreq_Value,APB2Freq_Value,APB2TimFreq_Value,FamilyName,HSE_VALUE,HSI16_VALUE,HSI_VALUE,I2C1Freq_Value,LPTIMFreq_Value,LPUARTFreq_Value,LSE_VALUE,LSI_VALUE,LptimClockSelection,MSI_VALUE,PLLCLKFreq_Value,RTCFreq_Value,RTCHSEDivFreq_Value,SYSCLKFreq_VALUE,TIMFreq_Value,USART1Freq_Value,USART2Freq_Value,VCOOutputFreq_Value,WatchDogFreq_Value
RCC.LPTIMFreq_Value=37000
RCC.LPUARTFreq_Value=2097000
RCC.LSE_VALUE=32768
RCC.LSI_VALUE=37000
RCC.LptimClockSelection=RCC_LPTIM1CLKSOURCE_LSI
RCC.MSI_VALUE=2097000
RCC.PLLCLKFreq_Value=24000000
RCC.RTCFreq_Value=37000
RCC.RTCHSEDivFreq_Value=4000000
RCC.SYSCLKFreq_VALUE=2097000
RCC.TIMFreq_Value=2097000
RCC.USART1Freq_Value=2097000
RCC.USART2Freq_Value=2097000
RCC.VCOOutputFreq_Value=48000000
RCC.WatchDogFreq_Value=37000
SH.S_TIM2_CH3.0=TIM2_CH3,PWM Generation3 CH3
SH.S_TIM2_CH3.ConfNb=1
TIM2.Channel-PWM\ Generation3\ CH3=TIM_CHANNEL_3
TIM2.IPParameters=Channel-PWM Generation3 CH3,Prescaler,Period,OCMode_PWM-PWM Generation3 CH3
TIM2.OCMode_PWM-PWM\ Generation3\ CH3=TIM_OCMODE_PWM1
TIM2.Period=999
TIM2.Prescaler=20
VP_LPTIM1_VS_LPTIM_counterModeInternalClock.Mode=Counts__internal_clock_event_00
VP_LPTIM1_VS_LPTIM_counterModeInternalClock.Signal=LPTIM1_VS_LPTIM_counterModeInternalClock
VP_SYS_VS_Systick.Mode=SysTick
VP_SYS_VS_Systick.Signal=SYS_VS_Systick
board=custom
isbadioc=false
